{
  "name": "net-day-switzerland-2019-typescript",
  "version": "1.0.0",
  "lockfileVersion": 1,
  "requires": true,
  "dependencies": {
    "nswag": {
      "version": "12.3.1",
      "resolved": "https://registry.npmjs.org/nswag/-/nswag-12.3.1.tgz",
      "integrity": "sha512-opk/mMQSrXkSf5pXyH+d0ED2SVP1tjFw0LbnV8Q5nO+Zhd8bcpMHUKc3UNDwOPOvGFakVJI0GEhEIRcGeFkMqg==",
      "dev": true
    },
    "typescript": {
      "version": "3.4.5",
      "resolved": "https://registry.npmjs.org/typescript/-/typescript-3.4.5.tgz",
      "integrity": "sha512-YycBxUb49UUhdNMU5aJ7z5Ej2XGmaIBL0x34vZ82fn3hGvD+bgrMrVDpatgz2f7YxUMJxMkbWxJZeAvDxVe7Vw=="
    }
  }
}
